
Microsoft Visual Studio Solution File, Format Version 12.00
# Visual Studio Version 17
VisualStudioVersion = 17.8.34330.188
MinimumVisualStudioVersion = 10.0.40219.1
Project("{FAE04EC0-301F-11D3-BF4B-00C04F79EFBC}") = "AjaxDDLDatef13", "AjaxDDLDatef13\AjaxDDLDatef13.csproj", "{76CF8A4E-F9E2-48BA-96AE-DE623BC003CF}"
EndProject
Global
	GlobalSection(SolutionConfigurationPlatforms) = preSolution
		Debug|Any CPU = Debug|Any CPU
		Release|Any CPU = Release|Any CPU
	EndGlobalSection
	GlobalSection(ProjectConfigurationPlatforms) = postSolution
		{76CF8A4E-F9E2-48BA-96AE-DE623BC003CF}.Debug|Any CPU.ActiveCfg = Debug|Any CPU
		{76CF8A4E-F9E2-48BA-96AE-DE623BC003CF}.Debug|Any CPU.Build.0 = Debug|Any CPU
		{76CF8A4E-F9E2-48BA-96AE-DE623BC003CF}.Release|Any CPU.ActiveCfg = Release|Any CPU
		{76CF8A4E-F9E2-48BA-96AE-DE623BC003CF}.Release|Any CPU.Build.0 = Release|Any CPU
	EndGlobalSection
	GlobalSection(SolutionProperties) = preSolution
		HideSolutionNode = FALSE
	EndGlobalSection
	GlobalSection(ExtensibilityGlobals) = postSolution
		SolutionGuid = {BEC2360F-58DB-467F-A2BA-1886AA5C5476}
	EndGlobalSection
EndGlobal
